
Microsoft Visual Studio Solution File, Format Version 12.00
# Visual Studio Version 16
VisualStudioVersion = 16.0.30413.136
MinimumVisualStudioVersion = 10.0.40219.1
Project("{FAE04EC0-301F-11D3-BF4B-00C04F79EFBC}") = "ConsoleApp1", "ConsoleApp1\ConsoleApp1.csproj", "{663F683C-8B6C-4FBA-AF8E-D94C56202F7F}"
EndProject
Global
	GlobalSection(SolutionConfigurationPlatforms) = preSolution
		Debug|Any CPU = Debug|Any CPU
		Release|Any CPU = Release|Any CPU
	EndGlobalSection
	GlobalSection(ProjectConfigurationPlatforms) = postSolution
		{663F683C-8B6C-4FBA-AF8E-D94C56202F7F}.Debug|Any CPU.ActiveCfg = Debug|Any CPU
		{663F683C-8B6C-4FBA-AF8E-D94C56202F7F}.Debug|Any CPU.Build.0 = Debug|Any CPU
		{663F683C-8B6C-4FBA-AF8E-D94C56202F7F}.Release|Any CPU.ActiveCfg = Release|Any CPU
		{663F683C-8B6C-4FBA-AF8E-D94C56202F7F}.Release|Any CPU.Build.0 = Release|Any CPU
	EndGlobalSection
	GlobalSection(SolutionProperties) = preSolution
		HideSolutionNode = FALSE
	EndGlobalSection
	GlobalSection(ExtensibilityGlobals) = postSolution
		SolutionGuid = {1973205B-02FD-4F1B-B69F-F0CDE724D21A}
	EndGlobalSection
EndGlobal
